
Microsoft Visual Studio Solution File, Format Version 12.00
# Visual Studio Version 17
VisualStudioVersion = 17.14.36310.24 d17.14
MinimumVisualStudioVersion = 10.0.40219.1
Project("{FAE04EC0-301F-11D3-BF4B-00C04F79EFBC}") = "Ejercicio numero 1 practica de arboles y grafo", "Ejercicio numero 1 practica de arboles y grafo\Ejercicio numero 1 practica de arboles y grafo.csproj", "{3F3BBC68-D21D-4754-A42D-4F2300E54FE3}"
EndProject
Global
	GlobalSection(SolutionConfigurationPlatforms) = preSolution
		Debug|Any CPU = Debug|Any CPU
		Release|Any CPU = Release|Any CPU
	EndGlobalSection
	GlobalSection(ProjectConfigurationPlatforms) = postSolution
		{3F3BBC68-D21D-4754-A42D-4F2300E54FE3}.Debug|Any CPU.ActiveCfg = Debug|Any CPU
		{3F3BBC68-D21D-4754-A42D-4F2300E54FE3}.Debug|Any CPU.Build.0 = Debug|Any CPU
		{3F3BBC68-D21D-4754-A42D-4F2300E54FE3}.Release|Any CPU.ActiveCfg = Release|Any CPU
		{3F3BBC68-D21D-4754-A42D-4F2300E54FE3}.Release|Any CPU.Build.0 = Release|Any CPU
	EndGlobalSection
	GlobalSection(SolutionProperties) = preSolution
		HideSolutionNode = FALSE
	EndGlobalSection
	GlobalSection(ExtensibilityGlobals) = postSolution
		SolutionGuid = {50B2D135-1C66-4A37-BB66-E4F676AE0574}
	EndGlobalSection
EndGlobal
