
Microsoft Visual Studio Solution File, Format Version 12.00
# Visual Studio Version 17
VisualStudioVersion = 17.14.36310.24 d17.14
MinimumVisualStudioVersion = 10.0.40219.1
Project("{FAE04EC0-301F-11D3-BF4B-00C04F79EFBC}") = "Practica de grafos y arboles", "Practica de grafos y arboles\Practica de grafos y arboles.csproj", "{5AFDD263-63B1-4DD9-B37E-A7E339E13155}"
EndProject
Global
	GlobalSection(SolutionConfigurationPlatforms) = preSolution
		Debug|Any CPU = Debug|Any CPU
		Release|Any CPU = Release|Any CPU
	EndGlobalSection
	GlobalSection(ProjectConfigurationPlatforms) = postSolution
		{5AFDD263-63B1-4DD9-B37E-A7E339E13155}.Debug|Any CPU.ActiveCfg = Debug|Any CPU
		{5AFDD263-63B1-4DD9-B37E-A7E339E13155}.Debug|Any CPU.Build.0 = Debug|Any CPU
		{5AFDD263-63B1-4DD9-B37E-A7E339E13155}.Release|Any CPU.ActiveCfg = Release|Any CPU
		{5AFDD263-63B1-4DD9-B37E-A7E339E13155}.Release|Any CPU.Build.0 = Release|Any CPU
	EndGlobalSection
	GlobalSection(SolutionProperties) = preSolution
		HideSolutionNode = FALSE
	EndGlobalSection
	GlobalSection(ExtensibilityGlobals) = postSolution
		SolutionGuid = {5AF1B7D1-560A-439F-A344-354777422288}
	EndGlobalSection
EndGlobal
