
Microsoft Visual Studio Solution File, Format Version 12.00
# Visual Studio Version 17
VisualStudioVersion = 17.14.36623.8 d17.14
MinimumVisualStudioVersion = 10.0.40219.1
Project("{FAE04EC0-301F-11D3-BF4B-00C04F79EFBC}") = "EjercicioN3", "EjercicioN3\EjercicioN3.csproj", "{59A6B6DF-2EE1-4172-8218-B7A118771E86}"
EndProject
Global
	GlobalSection(SolutionConfigurationPlatforms) = preSolution
		Debug|Any CPU = Debug|Any CPU
		Release|Any CPU = Release|Any CPU
	EndGlobalSection
	GlobalSection(ProjectConfigurationPlatforms) = postSolution
		{59A6B6DF-2EE1-4172-8218-B7A118771E86}.Debug|Any CPU.ActiveCfg = Debug|Any CPU
		{59A6B6DF-2EE1-4172-8218-B7A118771E86}.Debug|Any CPU.Build.0 = Debug|Any CPU
		{59A6B6DF-2EE1-4172-8218-B7A118771E86}.Release|Any CPU.ActiveCfg = Release|Any CPU
		{59A6B6DF-2EE1-4172-8218-B7A118771E86}.Release|Any CPU.Build.0 = Release|Any CPU
	EndGlobalSection
	GlobalSection(SolutionProperties) = preSolution
		HideSolutionNode = FALSE
	EndGlobalSection
	GlobalSection(ExtensibilityGlobals) = postSolution
		SolutionGuid = {9A14DC6C-4914-4E6E-8233-F4CB3CD20650}
	EndGlobalSection
EndGlobal
